
Microsoft Visual Studio Solution File, Format Version 12.00
# Visual Studio 14
VisualStudioVersion = 14.0.25123.0
MinimumVisualStudioVersion = 10.0.40219.1
Project("{FAE04EC0-301F-11D3-BF4B-00C04F79EFBC}") = "Forms", "Forms\Forms.csproj", "{EF3FA987-B578-4E67-A810-9C84C644DAC7}"
EndProject
Project("{FAE04EC0-301F-11D3-BF4B-00C04F79EFBC}") = "Forms.iOS", "iOS\Forms.iOS.csproj", "{17A50D5A-A521-464E-83DC-634BAA3E8D74}"
EndProject
Project("{FAE04EC0-301F-11D3-BF4B-00C04F79EFBC}") = "Forms.Droid", "Droid\Forms.Droid.csproj", "{58DCA3AE-0645-49C6-B352-A6B86CA15C34}"
EndProject
Project("{FAE04EC0-301F-11D3-BF4B-00C04F79EFBC}") = "Forms.UWP", "UWP\Forms.UWP.csproj", "{0F300E7B-DCC1-423D-BEA8-1467279CE864}"
EndProject
Global
	GlobalSection(SolutionConfigurationPlatforms) = preSolution
		Debug|Any CPU = Debug|Any CPU
		Debug|ARM = Debug|ARM
		Debug|iPhone = Debug|iPhone
		Debug|iPhoneSimulator = Debug|iPhoneSimulator
		Debug|x64 = Debug|x64
		Debug|x86 = Debug|x86
		Release|Any CPU = Release|Any CPU
		Release|ARM = Release|ARM
		Release|iPhone = Release|iPhone
		Release|iPhoneSimulator = Release|iPhoneSimulator
		Release|x64 = Release|x64
		Release|x86 = Release|x86
	EndGlobalSection
	GlobalSection(ProjectConfigurationPlatforms) = postSolution
		{EF3FA987-B578-4E67-A810-9C84C644DAC7}.Debug|Any CPU.ActiveCfg = Debug|Any CPU
		{EF3FA987-B578-4E67-A810-9C84C644DAC7}.Debug|Any CPU.Build.0 = Debug|Any CPU
		{EF3FA987-B578-4E67-A810-9C84C644DAC7}.Debug|ARM.ActiveCfg = Debug|Any CPU
		{EF3FA987-B578-4E67-A810-9C84C644DAC7}.Debug|ARM.Build.0 = Debug|Any CPU
		{EF3FA987-B578-4E67-A810-9C84C644DAC7}.Debug|iPhone.ActiveCfg = Debug|Any CPU
		{EF3FA987-B578-4E67-A810-9C84C644DAC7}.Debug|iPhone.Build.0 = Debug|Any CPU
		{EF3FA987-B578-4E67-A810-9C84C644DAC7}.Debug|iPhoneSimulator.ActiveCfg = Debug|Any CPU
		{EF3FA987-B578-4E67-A810-9C84C644DAC7}.Debug|iPhoneSimulator.Build.0 = Debug|Any CPU
		{EF3FA987-B578-4E67-A810-9C84C644DAC7}.Debug|x64.ActiveCfg = Debug|Any CPU
		{EF3FA987-B578-4E67-A810-9C84C644DAC7}.Debug|x64.Build.0 = Debug|Any CPU
		{EF3FA987-B578-4E67-A810-9C84C644DAC7}.Debug|x86.ActiveCfg = Debug|Any CPU
		{EF3FA987-B578-4E67-A810-9C84C644DAC7}.Debug|x86.Build.0 = Debug|Any CPU
		{EF3FA987-B578-4E67-A810-9C84C644DAC7}.Release|Any CPU.ActiveCfg = Release|Any CPU
		{EF3FA987-B578-4E67-A810-9C84C644DAC7}.Release|Any CPU.Build.0 = Release|Any CPU
		{EF3FA987-B578-4E67-A810-9C84C644DAC7}.Release|ARM.ActiveCfg = Release|Any CPU
		{EF3FA987-B578-4E67-A810-9C84C644DAC7}.Release|ARM.Build.0 = Release|Any CPU
		{EF3FA987-B578-4E67-A810-9C84C644DAC7}.Release|iPhone.ActiveCfg = Release|Any CPU
		{EF3FA987-B578-4E67-A810-9C84C644DAC7}.Release|iPhone.Build.0 = Release|Any CPU
		{EF3FA987-B578-4E67-A810-9C84C644DAC7}.Release|iPhoneSimulator.ActiveCfg = Release|Any CPU
		{EF3FA987-B578-4E67-A810-9C84C644DAC7}.Release|iPhoneSimulator.Build.0 = Release|Any CPU
		{EF3FA987-B578-4E67-A810-9C84C644DAC7}.Release|x64.ActiveCfg = Release|Any CPU
		{EF3FA987-B578-4E67-A810-9C84C644DAC7}.Release|x64.Build.0 = Release|Any CPU
		{EF3FA987-B578-4E67-A810-9C84C644DAC7}.Release|x86.ActiveCfg = Release|Any CPU
		{EF3FA987-B578-4E67-A810-9C84C644DAC7}.Release|x86.Build.0 = Release|Any CPU
		{17A50D5A-A521-464E-83DC-634BAA3E8D74}.Debug|Any CPU.ActiveCfg = Debug|iPhoneSimulator
		{17A50D5A-A521-464E-83DC-634BAA3E8D74}.Debug|Any CPU.Build.0 = Debug|iPhoneSimulator
		{17A50D5A-A521-464E-83DC-634BAA3E8D74}.Debug|ARM.ActiveCfg = Debug|iPhone
		{17A50D5A-A521-464E-83DC-634BAA3E8D74}.Debug|iPhone.ActiveCfg = Debug|iPhone
		{17A50D5A-A521-464E-83DC-634BAA3E8D74}.Debug|iPhone.Build.0 = Debug|iPhone
		{17A50D5A-A521-464E-83DC-634BAA3E8D74}.Debug|iPhoneSimulator.ActiveCfg = Debug|iPhoneSimulator
		{17A50D5A-A521-464E-83DC-634BAA3E8D74}.Debug|iPhoneSimulator.Build.0 = Debug|iPhoneSimulator
		{17A50D5A-A521-464E-83DC-634BAA3E8D74}.Debug|x64.ActiveCfg = Debug|iPhone
		{17A50D5A-A521-464E-83DC-634BAA3E8D74}.Debug|x86.ActiveCfg = Debug|iPhone
		{17A50D5A-A521-464E-83DC-634BAA3E8D74}.Release|Any CPU.ActiveCfg = Release|iPhone
		{17A50D5A-A521-464E-83DC-634BAA3E8D74}.Release|Any CPU.Build.0 = Release|iPhone
		{17A50D5A-A521-464E-83DC-634BAA3E8D74}.Release|ARM.ActiveCfg = Release|iPhoneSimulator
		{17A50D5A-A521-464E-83DC-634BAA3E8D74}.Release|iPhone.ActiveCfg = Release|iPhone
		{17A50D5A-A521-464E-83DC-634BAA3E8D74}.Release|iPhone.Build.0 = Release|iPhone
		{17A50D5A-A521-464E-83DC-634BAA3E8D74}.Release|iPhoneSimulator.ActiveCfg = Release|iPhoneSimulator
		{17A50D5A-A521-464E-83DC-634BAA3E8D74}.Release|iPhoneSimulator.Build.0 = Release|iPhoneSimulator
		{17A50D5A-A521-464E-83DC-634BAA3E8D74}.Release|x64.ActiveCfg = Release|iPhoneSimulator
		{17A50D5A-A521-464E-83DC-634BAA3E8D74}.Release|x86.ActiveCfg = Release|iPhoneSimulator
		{58DCA3AE-0645-49C6-B352-A6B86CA15C34}.Debug|Any CPU.ActiveCfg = Debug|Any CPU
		{58DCA3AE-0645-49C6-B352-A6B86CA15C34}.Debug|Any CPU.Build.0 = Debug|Any CPU
		{58DCA3AE-0645-49C6-B352-A6B86CA15C34}.Debug|ARM.ActiveCfg = Debug|Any CPU
		{58DCA3AE-0645-49C6-B352-A6B86CA15C34}.Debug|ARM.Build.0 = Debug|Any CPU
		{58DCA3AE-0645-49C6-B352-A6B86CA15C34}.Debug|ARM.Deploy.0 = Debug|Any CPU
		{58DCA3AE-0645-49C6-B352-A6B86CA15C34}.Debug|iPhone.ActiveCfg = Debug|Any CPU
		{58DCA3AE-0645-49C6-B352-A6B86CA15C34}.Debug|iPhone.Build.0 = Debug|Any CPU
		{58DCA3AE-0645-49C6-B352-A6B86CA15C34}.Debug|iPhoneSimulator.ActiveCfg = Debug|Any CPU
		{58DCA3AE-0645-49C6-B352-A6B86CA15C34}.Debug|iPhoneSimulator.Build.0 = Debug|Any CPU
		{58DCA3AE-0645-49C6-B352-A6B86CA15C34}.Debug|x64.ActiveCfg = Debug|Any CPU
		{58DCA3AE-0645-49C6-B352-A6B86CA15C34}.Debug|x64.Build.0 = Debug|Any CPU
		{58DCA3AE-0645-49C6-B352-A6B86CA15C34}.Debug|x64.Deploy.0 = Debug|Any CPU
		{58DCA3AE-0645-49C6-B352-A6B86CA15C34}.Debug|x86.ActiveCfg = Debug|Any CPU
		{58DCA3AE-0645-49C6-B352-A6B86CA15C34}.Debug|x86.Build.0 = Debug|Any CPU
		{58DCA3AE-0645-49C6-B352-A6B86CA15C34}.Debug|x86.Deploy.0 = Debug|Any CPU
		{58DCA3AE-0645-49C6-B352-A6B86CA15C34}.Release|Any CPU.ActiveCfg = Release|Any CPU
		{58DCA3AE-0645-49C6-B352-A6B86CA15C34}.Release|Any CPU.Build.0 = Release|Any CPU
		{58DCA3AE-0645-49C6-B352-A6B86CA15C34}.Release|ARM.ActiveCfg = Release|Any CPU
		{58DCA3AE-0645-49C6-B352-A6B86CA15C34}.Release|ARM.Build.0 = Release|Any CPU
		{58DCA3AE-0645-49C6-B352-A6B86CA15C34}.Release|ARM.Deploy.0 = Release|Any CPU
		{58DCA3AE-0645-49C6-B352-A6B86CA15C34}.Release|iPhone.ActiveCfg = Release|Any CPU
		{58DCA3AE-0645-49C6-B352-A6B86CA15C34}.Release|iPhone.Build.0 = Release|Any CPU
		{58DCA3AE-0645-49C6-B352-A6B86CA15C34}.Release|iPhoneSimulator.ActiveCfg = Release|Any CPU
		{58DCA3AE-0645-49C6-B352-A6B86CA15C34}.Release|iPhoneSimulator.Build.0 = Release|Any CPU
		{58DCA3AE-0645-49C6-B352-A6B86CA15C34}.Release|x64.ActiveCfg = Release|Any CPU
		{58DCA3AE-0645-49C6-B352-A6B86CA15C34}.Release|x64.Build.0 = Release|Any CPU
		{58DCA3AE-0645-49C6-B352-A6B86CA15C34}.Release|x64.Deploy.0 = Release|Any CPU
		{58DCA3AE-0645-49C6-B352-A6B86CA15C34}.Release|x86.ActiveCfg = Release|Any CPU
		{58DCA3AE-0645-49C6-B352-A6B86CA15C34}.Release|x86.Build.0 = Release|Any CPU
		{58DCA3AE-0645-49C6-B352-A6B86CA15C34}.Release|x86.Deploy.0 = Release|Any CPU
		{0F300E7B-DCC1-423D-BEA8-1467279CE864}.Debug|Any CPU.ActiveCfg = Debug|x86
		{0F300E7B-DCC1-423D-BEA8-1467279CE864}.Debug|Any CPU.Build.0 = Debug|x86
		{0F300E7B-DCC1-423D-BEA8-1467279CE864}.Debug|Any CPU.Deploy.0 = Debug|x86
		{0F300E7B-DCC1-423D-BEA8-1467279CE864}.Debug|ARM.ActiveCfg = Debug|ARM
		{0F300E7B-DCC1-423D-BEA8-1467279CE864}.Debug|ARM.Build.0 = Debug|ARM
		{0F300E7B-DCC1-423D-BEA8-1467279CE864}.Debug|ARM.Deploy.0 = Debug|ARM
		{0F300E7B-DCC1-423D-BEA8-1467279CE864}.Debug|iPhone.ActiveCfg = Debug|x86
		{0F300E7B-DCC1-423D-BEA8-1467279CE864}.Debug|iPhoneSimulator.ActiveCfg = Debug|x86
		{0F300E7B-DCC1-423D-BEA8-1467279CE864}.Debug|iPhoneSimulator.Build.0 = Debug|x86
		{0F300E7B-DCC1-423D-BEA8-1467279CE864}.Debug|iPhoneSimulator.Deploy.0 = Debug|x86
		{0F300E7B-DCC1-423D-BEA8-1467279CE864}.Debug|x64.ActiveCfg = Debug|x64
		{0F300E7B-DCC1-423D-BEA8-1467279CE864}.Debug|x64.Build.0 = Debug|x64
		{0F300E7B-DCC1-423D-BEA8-1467279CE864}.Debug|x64.Deploy.0 = Debug|x64
		{0F300E7B-DCC1-423D-BEA8-1467279CE864}.Debug|x86.ActiveCfg = Debug|x64
		{0F300E7B-DCC1-423D-BEA8-1467279CE864}.Debug|x86.Build.0 = Debug|x64
		{0F300E7B-DCC1-423D-BEA8-1467279CE864}.Debug|x86.Deploy.0 = Debug|x64
		{0F300E7B-DCC1-423D-BEA8-1467279CE864}.Release|Any CPU.ActiveCfg = Release|x86
		{0F300E7B-DCC1-423D-BEA8-1467279CE864}.Release|ARM.ActiveCfg = Release|ARM
		{0F300E7B-DCC1-423D-BEA8-1467279CE864}.Release|ARM.Build.0 = Release|ARM
		{0F300E7B-DCC1-423D-BEA8-1467279CE864}.Release|ARM.Deploy.0 = Release|ARM
		{0F300E7B-DCC1-423D-BEA8-1467279CE864}.Release|iPhone.ActiveCfg = Release|x86
		{0F300E7B-DCC1-423D-BEA8-1467279CE864}.Release|iPhoneSimulator.ActiveCfg = Release|x86
		{0F300E7B-DCC1-423D-BEA8-1467279CE864}.Release|x64.ActiveCfg = Release|x64
		{0F300E7B-DCC1-423D-BEA8-1467279CE864}.Release|x64.Build.0 = Release|x64
		{0F300E7B-DCC1-423D-BEA8-1467279CE864}.Release|x64.Deploy.0 = Release|x64
		{0F300E7B-DCC1-423D-BEA8-1467279CE864}.Release|x86.ActiveCfg = Release|x86
		{0F300E7B-DCC1-423D-BEA8-1467279CE864}.Release|x86.Build.0 = Release|x86
		{0F300E7B-DCC1-423D-BEA8-1467279CE864}.Release|x86.Deploy.0 = Release|x86
	EndGlobalSection
	GlobalSection(SolutionProperties) = preSolution
		HideSolutionNode = FALSE
	EndGlobalSection
EndGlobal
